
Microsoft Visual Studio Solution File, Format Version 12.00
# Visual Studio 15
VisualStudioVersion = 15.0.27004.2010
MinimumVisualStudioVersion = 10.0.40219.1
Project("{FAE04EC0-301F-11D3-BF4B-00C04F79EFBC}") = "odevV2", "odevV2\odevV2.csproj", "{6ADEB280-C997-463C-A76F-5EA59E17236C}"
EndProject
Global
	GlobalSection(SolutionConfigurationPlatforms) = preSolution
		Debug|Any CPU = Debug|Any CPU
		Release|Any CPU = Release|Any CPU
	EndGlobalSection
	GlobalSection(ProjectConfigurationPlatforms) = postSolution
		{6ADEB280-C997-463C-A76F-5EA59E17236C}.Debug|Any CPU.ActiveCfg = Debug|Any CPU
		{6ADEB280-C997-463C-A76F-5EA59E17236C}.Debug|Any CPU.Build.0 = Debug|Any CPU
		{6ADEB280-C997-463C-A76F-5EA59E17236C}.Release|Any CPU.ActiveCfg = Release|Any CPU
		{6ADEB280-C997-463C-A76F-5EA59E17236C}.Release|Any CPU.Build.0 = Release|Any CPU
	EndGlobalSection
	GlobalSection(SolutionProperties) = preSolution
		HideSolutionNode = FALSE
	EndGlobalSection
	GlobalSection(ExtensibilityGlobals) = postSolution
		SolutionGuid = {A4F25354-0C50-43DF-977A-7D3F70DA065E}
	EndGlobalSection
EndGlobal
